
Microsoft Visual Studio Solution File, Format Version 12.00
# Visual Studio 15
VisualStudioVersion = 15.0.28010.2041
MinimumVisualStudioVersion = 10.0.40219.1
Project("{FAE04EC0-301F-11D3-BF4B-00C04F79EFBC}") = "Custom Compiler", "Custom Compiler\Custom Compiler.csproj", "{FA528FBA-9CEF-4692-B4C2-8BD31C0538C3}"
EndProject
Global
	GlobalSection(SolutionConfigurationPlatforms) = preSolution
		Debug|Any CPU = Debug|Any CPU
		Release|Any CPU = Release|Any CPU
	EndGlobalSection
	GlobalSection(ProjectConfigurationPlatforms) = postSolution
		{FA528FBA-9CEF-4692-B4C2-8BD31C0538C3}.Debug|Any CPU.ActiveCfg = Debug|Any CPU
		{FA528FBA-9CEF-4692-B4C2-8BD31C0538C3}.Debug|Any CPU.Build.0 = Debug|Any CPU
		{FA528FBA-9CEF-4692-B4C2-8BD31C0538C3}.Release|Any CPU.ActiveCfg = Release|Any CPU
		{FA528FBA-9CEF-4692-B4C2-8BD31C0538C3}.Release|Any CPU.Build.0 = Release|Any CPU
	EndGlobalSection
	GlobalSection(SolutionProperties) = preSolution
		HideSolutionNode = FALSE
	EndGlobalSection
	GlobalSection(ExtensibilityGlobals) = postSolution
		SolutionGuid = {5CA48416-05D6-4D41-9C8D-69A6EFC6358A}
	EndGlobalSection
EndGlobal
